Microsoft Visual Studio Solution File, Format Version 12.00
# Visual Studio 15
VisualStudioVersion = 15.0.27130.2036
MinimumVisualStudioVersion = 10.0.40219.1
Project("{8BC9CEB8-8B4A-11D0-8D11-00A0C91BC942}") = "cppLinuxTestApp", "testapps\cppLinuxTestApp\cppLinuxTestApp.vcxproj", "{521C0810-6512-47EE-9142-92445DC35912}"
EndProject
Project("{8BC9CEB8-8B4A-11D0-8D11-00A0C91BC942}") = "XPlatCppLinux", "cppsdk\XPlatCppLinux.vcxproj", "{F34F32A5-802C-4ABF-9E17-DC009E02DF97}"
EndProject
Project("{8BC9CEB8-8B4A-11D0-8D11-00A0C91BC942}") = "XPlatCppWindows", "cppsdk\XPlatCppWindows.vcxproj", "{92F6EC5F-B66C-4572-A74D-79329AFF3129}"
EndProject
Project("{8BC9CEB8-8B4A-11D0-8D11-00A0C91BC942}") = "cppWindowsTestApp", "testapps\cppWindowsTestApp\cppWindowsTestApp.vcxproj", "{3E4DF9A7-08A4-4188-9C86-B60605F3710B}"
	ProjectSection(ProjectDependencies) = postProject
		{92F6EC5F-B66C-4572-A74D-79329AFF3129} = {92F6EC5F-B66C-4572-A74D-79329AFF3129}
	EndProjectSection
EndProject
Project("{8BC9CEB8-8B4A-11D0-8D11-00A0C91BC942}") = "LibUnitTest", "LibUnitTest\LibUnitTest.vcxproj", "{AD888D3B-CD7F-43B4-9207-6E8480AC8F75}"
EndProject
Project("{8BC9CEB8-8B4A-11D0-8D11-00A0C91BC942}") = "XPlatCppXbox", "cppsdk\XPlatCppXbox.vcxproj", "{900FB5C1-9334-439E-A042-D6A1F988FE63}"
EndProject
Project("{8BC9CEB8-8B4A-11D0-8D11-00A0C91BC942}") = "libHttpClient.141.XDK.C", "Externals\libHttpClient\Build\libHttpClient.141.XDK.C\libHttpClient.141.XDK.C.vcxproj", "{57C681F7-280F-45B8-9FA9-D556C24F2053}"
EndProject
Project("{8BC9CEB8-8B4A-11D0-8D11-00A0C91BC942}") = "libHttpClient.141.Win32.C", "Externals\libHttpClient\Build\libHttpClient.141.Win32.C\libHttpClient.141.Win32.C.vcxproj", "{CF37BEB2-A66A-42BA-B348-1F07566F4865}"
EndProject
Project("{8BC9CEB8-8B4A-11D0-8D11-00A0C91BC942}") = "libcrypto.141.Win32", "Externals\libHttpClient\Build\libcrypto.141.Win32\libcrypto.141.Win32.vcxproj", "{C043DE35-BEED-4FE1-B9D2-B15CB051CC3C}"
EndProject
Project("{8BC9CEB8-8B4A-11D0-8D11-00A0C91BC942}") = "libssl.141.Win32", "Externals\libHttpClient\Build\libssl.141.Win32\libssl.141.Win32.vcxproj", "{CF4C3985-3F37-45B6-95F7-7602C53F1F21}"
EndProject
Project("{2150E333-8FDC-42A3-9474-1A3956D46DE8}") = "Externaks", "Externaks", "{5783A40F-0003-4715-87F6-69F065A6CE77}"
EndProject
Project("{2150E333-8FDC-42A3-9474-1A3956D46DE8}") = "libHttpClient", "libHttpClient", "{F6127326-6B56-4C74-95F9-6ABB52B04EE3}"
EndProject
Global
	GlobalSection(SolutionConfigurationPlatforms) = preSolution
		Debug|ARM = Debug|ARM
		Debug|Durango = Debug|Durango
		Debug|x64 = Debug|x64
		Debug|x86 = Debug|x86
		Release|ARM = Release|ARM
		Release|Durango = Release|Durango
		Release|x64 = Release|x64
		Release|x86 = Release|x86
	EndGlobalSection
	GlobalSection(ProjectConfigurationPlatforms) = postSolution
		{521C0810-6512-47EE-9142-92445DC35912}.Debug|ARM.ActiveCfg = Debug|x64
		{521C0810-6512-47EE-9142-92445DC35912}.Debug|Durango.ActiveCfg = Debug|x64
		{521C0810-6512-47EE-9142-92445DC35912}.Debug|x64.ActiveCfg = Debug|x64
		{521C0810-6512-47EE-9142-92445DC35912}.Debug|x86.ActiveCfg = Debug|x64
		{521C0810-6512-47EE-9142-92445DC35912}.Release|ARM.ActiveCfg = Release|x64
		{521C0810-6512-47EE-9142-92445DC35912}.Release|Durango.ActiveCfg = Release|x64
		{521C0810-6512-47EE-9142-92445DC35912}.Release|x64.ActiveCfg = Release|x64
		{521C0810-6512-47EE-9142-92445DC35912}.Release|x86.ActiveCfg = Release|x64
		{F34F32A5-802C-4ABF-9E17-DC009E02DF97}.Debug|ARM.ActiveCfg = Debug|x64
		{F34F32A5-802C-4ABF-9E17-DC009E02DF97}.Debug|Durango.ActiveCfg = Debug|x64
		{F34F32A5-802C-4ABF-9E17-DC009E02DF97}.Debug|x64.ActiveCfg = Debug|x64
		{F34F32A5-802C-4ABF-9E17-DC009E02DF97}.Debug|x86.ActiveCfg = Debug|x64
		{F34F32A5-802C-4ABF-9E17-DC009E02DF97}.Release|ARM.ActiveCfg = Release|x64
		{F34F32A5-802C-4ABF-9E17-DC009E02DF97}.Release|Durango.ActiveCfg = Release|x64
		{F34F32A5-802C-4ABF-9E17-DC009E02DF97}.Release|x64.ActiveCfg = Release|x64
		{F34F32A5-802C-4ABF-9E17-DC009E02DF97}.Release|x86.ActiveCfg = Release|x64
		{92F6EC5F-B66C-4572-A74D-79329AFF3129}.Debug|ARM.ActiveCfg = Debug|x64
		{92F6EC5F-B66C-4572-A74D-79329AFF3129}.Debug|Durango.ActiveCfg = Debug|x64
		{92F6EC5F-B66C-4572-A74D-79329AFF3129}.Debug|x64.ActiveCfg = Debug|x64
		{92F6EC5F-B66C-4572-A74D-79329AFF3129}.Debug|x64.Build.0 = Debug|x64
		{92F6EC5F-B66C-4572-A74D-79329AFF3129}.Debug|x86.ActiveCfg = Debug|x64
		{92F6EC5F-B66C-4572-A74D-79329AFF3129}.Release|ARM.ActiveCfg = Release|x64
		{92F6EC5F-B66C-4572-A74D-79329AFF3129}.Release|Durango.ActiveCfg = Release|x64
		{92F6EC5F-B66C-4572-A74D-79329AFF3129}.Release|x64.ActiveCfg = Release|x64
		{92F6EC5F-B66C-4572-A74D-79329AFF3129}.Release|x64.Build.0 = Release|x64
		{92F6EC5F-B66C-4572-A74D-79329AFF3129}.Release|x86.ActiveCfg = Release|x64
		{3E4DF9A7-08A4-4188-9C86-B60605F3710B}.Debug|ARM.ActiveCfg = Debug|x64
		{3E4DF9A7-08A4-4188-9C86-B60605F3710B}.Debug|Durango.ActiveCfg = Debug|x64
		{3E4DF9A7-08A4-4188-9C86-B60605F3710B}.Debug|x64.ActiveCfg = Debug|x64
		{3E4DF9A7-08A4-4188-9C86-B60605F3710B}.Debug|x64.Build.0 = Debug|x64
		{3E4DF9A7-08A4-4188-9C86-B60605F3710B}.Debug|x64.Deploy.0 = Debug|x64
		{3E4DF9A7-08A4-4188-9C86-B60605F3710B}.Debug|x86.ActiveCfg = Debug|x64
		{3E4DF9A7-08A4-4188-9C86-B60605F3710B}.Release|ARM.ActiveCfg = Release|x64
		{3E4DF9A7-08A4-4188-9C86-B60605F3710B}.Release|Durango.ActiveCfg = Release|x64
		{3E4DF9A7-08A4-4188-9C86-B60605F3710B}.Release|x64.ActiveCfg = Release|x64
		{3E4DF9A7-08A4-4188-9C86-B60605F3710B}.Release|x64.Build.0 = Release|x64
		{3E4DF9A7-08A4-4188-9C86-B60605F3710B}.Release|x64.Deploy.0 = Release|x64
		{3E4DF9A7-08A4-4188-9C86-B60605F3710B}.Release|x86.ActiveCfg = Release|x64
		{AD888D3B-CD7F-43B4-9207-6E8480AC8F75}.Debug|ARM.ActiveCfg = Debug|x64
		{AD888D3B-CD7F-43B4-9207-6E8480AC8F75}.Debug|Durango.ActiveCfg = Debug|x64
		{AD888D3B-CD7F-43B4-9207-6E8480AC8F75}.Debug|x64.ActiveCfg = Debug|x64
		{AD888D3B-CD7F-43B4-9207-6E8480AC8F75}.Debug|x64.Build.0 = Debug|x64
		{AD888D3B-CD7F-43B4-9207-6E8480AC8F75}.Debug|x86.ActiveCfg = Debug|x64
		{AD888D3B-CD7F-43B4-9207-6E8480AC8F75}.Release|ARM.ActiveCfg = Release|x64
		{AD888D3B-CD7F-43B4-9207-6E8480AC8F75}.Release|Durango.ActiveCfg = Release|x64
		{AD888D3B-CD7F-43B4-9207-6E8480AC8F75}.Release|x64.ActiveCfg = Release|x64
		{AD888D3B-CD7F-43B4-9207-6E8480AC8F75}.Release|x64.Build.0 = Release|x64
		{AD888D3B-CD7F-43B4-9207-6E8480AC8F75}.Release|x86.ActiveCfg = Release|x64
		{900FB5C1-9334-439E-A042-D6A1F988FE63}.Debug|ARM.ActiveCfg = Debug|x64
		{900FB5C1-9334-439E-A042-D6A1F988FE63}.Debug|Durango.ActiveCfg = Debug|x64
		{900FB5C1-9334-439E-A042-D6A1F988FE63}.Debug|x64.ActiveCfg = Debug|x64
		{900FB5C1-9334-439E-A042-D6A1F988FE63}.Debug|x64.Build.0 = Debug|x64
		{900FB5C1-9334-439E-A042-D6A1F988FE63}.Debug|x86.ActiveCfg = Debug|x64
		{900FB5C1-9334-439E-A042-D6A1F988FE63}.Release|ARM.ActiveCfg = Release|x64
		{900FB5C1-9334-439E-A042-D6A1F988FE63}.Release|Durango.ActiveCfg = Release|x64
		{900FB5C1-9334-439E-A042-D6A1F988FE63}.Release|x64.ActiveCfg = Release|x64
		{900FB5C1-9334-439E-A042-D6A1F988FE63}.Release|x64.Build.0 = Release|x64
		{900FB5C1-9334-439E-A042-D6A1F988FE63}.Release|x86.ActiveCfg = Release|x64
		{57C681F7-280F-45B8-9FA9-D556C24F2053}.Debug|ARM.ActiveCfg = Debug|Durango
		{57C681F7-280F-45B8-9FA9-D556C24F2053}.Debug|Durango.ActiveCfg = Debug|Durango
		{57C681F7-280F-45B8-9FA9-D556C24F2053}.Debug|Durango.Build.0 = Debug|Durango
		{57C681F7-280F-45B8-9FA9-D556C24F2053}.Debug|x64.ActiveCfg = Debug|Durango
		{57C681F7-280F-45B8-9FA9-D556C24F2053}.Debug|x86.ActiveCfg = Debug|Durango
		{57C681F7-280F-45B8-9FA9-D556C24F2053}.Release|ARM.ActiveCfg = Release|Durango
		{57C681F7-280F-45B8-9FA9-D556C24F2053}.Release|Durango.ActiveCfg = Release|Durango
		{57C681F7-280F-45B8-9FA9-D556C24F2053}.Release|Durango.Build.0 = Release|Durango
		{57C681F7-280F-45B8-9FA9-D556C24F2053}.Release|x64.ActiveCfg = Release|Durango
		{57C681F7-280F-45B8-9FA9-D556C24F2053}.Release|x86.ActiveCfg = Release|Durango
		{CF37BEB2-A66A-42BA-B348-1F07566F4865}.Debug|ARM.ActiveCfg = Debug|ARM
		{CF37BEB2-A66A-42BA-B348-1F07566F4865}.Debug|ARM.Build.0 = Debug|ARM
		{CF37BEB2-A66A-42BA-B348-1F07566F4865}.Debug|Durango.ActiveCfg = Debug|Win32
		{CF37BEB2-A66A-42BA-B348-1F07566F4865}.Debug|x64.ActiveCfg = Debug|x64
		{CF37BEB2-A66A-42BA-B348-1F07566F4865}.Debug|x64.Build.0 = Debug|x64
		{CF37BEB2-A66A-42BA-B348-1F07566F4865}.Debug|x86.ActiveCfg = Debug|Win32
		{CF37BEB2-A66A-42BA-B348-1F07566F4865}.Debug|x86.Build.0 = Debug|Win32
		{CF37BEB2-A66A-42BA-B348-1F07566F4865}.Release|ARM.ActiveCfg = Release|ARM
		{CF37BEB2-A66A-42BA-B348-1F07566F4865}.Release|ARM.Build.0 = Release|ARM
		{CF37BEB2-A66A-42BA-B348-1F07566F4865}.Release|Durango.ActiveCfg = Release|Win32
		{CF37BEB2-A66A-42BA-B348-1F07566F4865}.Release|x64.ActiveCfg = Release|x64
		{CF37BEB2-A66A-42BA-B348-1F07566F4865}.Release|x64.Build.0 = Release|x64
		{CF37BEB2-A66A-42BA-B348-1F07566F4865}.Release|x86.ActiveCfg = Release|Win32
		{CF37BEB2-A66A-42BA-B348-1F07566F4865}.Release|x86.Build.0 = Release|Win32
		{C043DE35-BEED-4FE1-B9D2-B15CB051CC3C}.Debug|ARM.ActiveCfg = Debug|Win32
		{C043DE35-BEED-4FE1-B9D2-B15CB051CC3C}.Debug|Durango.ActiveCfg = Debug|Win32
		{C043DE35-BEED-4FE1-B9D2-B15CB051CC3C}.Debug|x64.ActiveCfg = Debug|x64
		{C043DE35-BEED-4FE1-B9D2-B15CB051CC3C}.Debug|x64.Build.0 = Debug|x64
		{C043DE35-BEED-4FE1-B9D2-B15CB051CC3C}.Debug|x86.ActiveCfg = Debug|Win32
		{C043DE35-BEED-4FE1-B9D2-B15CB051CC3C}.Debug|x86.Build.0 = Debug|Win32
		{C043DE35-BEED-4FE1-B9D2-B15CB051CC3C}.Release|ARM.ActiveCfg = Release|Win32
		{C043DE35-BEED-4FE1-B9D2-B15CB051CC3C}.Release|Durango.ActiveCfg = Release|Win32
		{C043DE35-BEED-4FE1-B9D2-B15CB051CC3C}.Release|x64.ActiveCfg = Release|x64
		{C043DE35-BEED-4FE1-B9D2-B15CB051CC3C}.Release|x64.Build.0 = Release|x64
		{C043DE35-BEED-4FE1-B9D2-B15CB051CC3C}.Release|x86.ActiveCfg = Release|Win32
		{C043DE35-BEED-4FE1-B9D2-B15CB051CC3C}.Release|x86.Build.0 = Release|Win32
		{CF4C3985-3F37-45B6-95F7-7602C53F1F21}.Debug|ARM.ActiveCfg = Debug|Win32
		{CF4C3985-3F37-45B6-95F7-7602C53F1F21}.Debug|Durango.ActiveCfg = Debug|Win32
		{CF4C3985-3F37-45B6-95F7-7602C53F1F21}.Debug|x64.ActiveCfg = Debug|x64
		{CF4C3985-3F37-45B6-95F7-7602C53F1F21}.Debug|x64.Build.0 = Debug|x64
		{CF4C3985-3F37-45B6-95F7-7602C53F1F21}.Debug|x86.ActiveCfg = Debug|Win32
		{CF4C3985-3F37-45B6-95F7-7602C53F1F21}.Debug|x86.Build.0 = Debug|Win32
		{CF4C3985-3F37-45B6-95F7-7602C53F1F21}.Release|ARM.ActiveCfg = Release|Win32
		{CF4C3985-3F37-45B6-95F7-7602C53F1F21}.Release|Durango.ActiveCfg = Release|Win32
		{CF4C3985-3F37-45B6-95F7-7602C53F1F21}.Release|x64.ActiveCfg = Release|x64
		{CF4C3985-3F37-45B6-95F7-7602C53F1F21}.Release|x64.Build.0 = Release|x64
		{CF4C3985-3F37-45B6-95F7-7602C53F1F21}.Release|x86.ActiveCfg = Release|Win32
		{CF4C3985-3F37-45B6-95F7-7602C53F1F21}.Release|x86.Build.0 = Release|Win32
	EndGlobalSection
	GlobalSection(SolutionProperties) = preSolution
		HideSolutionNode = FALSE
	EndGlobalSection
	GlobalSection(NestedProjects) = preSolution
		{57C681F7-280F-45B8-9FA9-D556C24F2053} = {F6127326-6B56-4C74-95F9-6ABB52B04EE3}
		{CF37BEB2-A66A-42BA-B348-1F07566F4865} = {F6127326-6B56-4C74-95F9-6ABB52B04EE3}
		{C043DE35-BEED-4FE1-B9D2-B15CB051CC3C} = {F6127326-6B56-4C74-95F9-6ABB52B04EE3}
		{CF4C3985-3F37-45B6-95F7-7602C53F1F21} = {F6127326-6B56-4C74-95F9-6ABB52B04EE3}
		{F6127326-6B56-4C74-95F9-6ABB52B04EE3} = {5783A40F-0003-4715-87F6-69F065A6CE77}
	EndGlobalSection
	GlobalSection(ExtensibilityGlobals) = postSolution
		SolutionGuid = {3F4F42F0-0F64-4D7F-9C01-7918C9A0828F}
	EndGlobalSection
EndGlobal
